
Microsoft Visual Studio Solution File, Format Version 12.00
# Visual Studio Version 17
VisualStudioVersion = 17.0.31903.59
MinimumVisualStudioVersion = 10.0.40219.1
Project("{FAE04EC0-301F-11D3-BF4B-00C04F79EFBC}") = "SportsStore", "SportsStore\SportsStore.csproj", "{0EFEA9D3-BE72-4A52-81C4-53DE15D1A361}"
EndProject
Project("{FAE04EC0-301F-11D3-BF4B-00C04F79EFBC}") = "SportsStore.Tests", "SportsStore.Tests\SportsStore.Tests.csproj", "{39C10DD2-B2F5-4800-9D63-6686B9864DA5}"
EndProject
Global
	GlobalSection(SolutionConfigurationPlatforms) = preSolution
		Debug|Any CPU = Debug|Any CPU
		Release|Any CPU = Release|Any CPU
	EndGlobalSection
	GlobalSection(SolutionProperties) = preSolution
		HideSolutionNode = FALSE
	EndGlobalSection
	GlobalSection(ProjectConfigurationPlatforms) = postSolution
		{0EFEA9D3-BE72-4A52-81C4-53DE15D1A361}.Debug|Any CPU.ActiveCfg = Debug|Any CPU
		{0EFEA9D3-BE72-4A52-81C4-53DE15D1A361}.Debug|Any CPU.Build.0 = Debug|Any CPU
		{0EFEA9D3-BE72-4A52-81C4-53DE15D1A361}.Release|Any CPU.ActiveCfg = Release|Any CPU
		{0EFEA9D3-BE72-4A52-81C4-53DE15D1A361}.Release|Any CPU.Build.0 = Release|Any CPU
		{39C10DD2-B2F5-4800-9D63-6686B9864DA5}.Debug|Any CPU.ActiveCfg = Debug|Any CPU
		{39C10DD2-B2F5-4800-9D63-6686B9864DA5}.Debug|Any CPU.Build.0 = Debug|Any CPU
		{39C10DD2-B2F5-4800-9D63-6686B9864DA5}.Release|Any CPU.ActiveCfg = Release|Any CPU
		{39C10DD2-B2F5-4800-9D63-6686B9864DA5}.Release|Any CPU.Build.0 = Release|Any CPU
	EndGlobalSection
EndGlobal
